// !$*UTF8*$!
{
	archiveVersion = 1;
	classes = {
	};
	objectVersion = 46;
	objects = {

/* Begin PBXBuildFile section */
		6D9374A51C900182006B5095 /* AppDelegate.swift in Sources */ = {isa = PBXBuildFile; fileRef = 6D9374A41C900182006B5095 /* AppDelegate.swift */; };
		6D9374A71C900182006B5095 /* ViewController.swift in Sources */ = {isa = PBXBuildFile; fileRef = 6D9374A61C900182006B5095 /* ViewController.swift */; };
		6D9374AA1C900182006B5095 /* Main.storyboard in Resources */ = {isa = PBXBuildFile; fileRef = 6D9374A81C900182006B5095 /* Main.storyboard */; };
		6D9374AC1C900182006B5095 /* Assets.xcassets in Resources */ = {isa = PBXBuildFile; fileRef = 6D9374AB1C900182006B5095 /* Assets.xcassets */; };
		6D9374AF1C900182006B5095 /* LaunchScreen.storyboard in Resources */ = {isa = PBXBuildFile; fileRef = 6D9374AD1C900182006B5095 /* LaunchScreen.storyboard */; };
		6D9374BA1C900183006B5095 /* CircleLayoutTests.swift in Sources */ = {isa = PBXBuildFile; fileRef = 6D9374B91C900183006B5095 /* CircleLayoutTests.swift */; };
		6D9374C51C900183006B5095 /* CircleLayoutUITests.swift in Sources */ = {isa = PBXBuildFile; fileRef = 6D9374C41C900183006B5095 /* CircleLayoutUITests.swift */; };
		6D9374D31C9001BE006B5095 /* CircleLayout.swift in Sources */ = {isa = PBXBuildFile; fileRef = 6D9374D21C9001BE006B5095 /* CircleLayout.swift */; };
		6D9374D51C9016C1006B5095 /* Cell.swift in Sources */ = {isa = PBXBuildFile; fileRef = 6D9374D41C9016C1006B5095 /* Cell.swift */; };
/* End PBXBuildFile section */

/* Begin PBXContainerItemProxy section */
		6D9374B61C900183006B5095 /* PBXContainerItemProxy */ = {
			isa = PBXContainerItemProxy;
			containerPortal = 6D9374991C900182006B5095 /* Project object */;
			proxyType = 1;
			remoteGlobalIDString = 6D9374A01C900182006B5095;
			remoteInfo = CircleLayout;
		};
		6D9374C11C900183006B5095 /* PBXContainerItemProxy */ = {
			isa = PBXContainerItemProxy;
			containerPortal = 6D9374991C900182006B5095 /* Project object */;
			proxyType = 1;
			remoteGlobalIDString = 6D9374A01C900182006B5095;
			remoteInfo = CircleLayout;
		};
/* End PBXContainerItemProxy section */

/* Begin PBXFileReference section */
		6D9374A11C900182006B5095 /* CircleLayout.app */ = {isa = PBXFileReference; explicitFileType = wrapper.application; includeInIndex = 0; path = CircleLayout.app; sourceTree = BUILT_PRODUCTS_DIR; };
		6D9374A41C900182006B5095 /* AppDelegate.swift */ = {isa = PBXFileReference; lastKnownFileType = sourcecode.swift; path = AppDelegate.swift; sourceTree = "<group>"; };
		6D9374A61C900182006B5095 /* ViewController.swift */ = {isa = PBXFileReference; lastKnownFileType = sourcecode.swift; path = ViewController.swift; sourceTree = "<group>"; };
		6D9374A91C900182006B5095 /* Base */ = {isa = PBXFileReference; lastKnownFileType = file.storyboard; name = Base; path = Base.lproj/Main.storyboard; sourceTree = "<group>"; };
		6D9374AB1C900182006B5095 /* Assets.xcassets */ = {isa = PBXFileReference; lastKnownFileType = folder.assetcatalog; path = Assets.xcassets; sourceTree = "<group>"; };
		6D9374AE1C900182006B5095 /* Base */ = {isa = PBXFileReference; lastKnownFileType = file.storyboard; name = Base; path = Base.lproj/LaunchScreen.storyboard; sourceTree = "<group>"; };
		6D9374B01C900182006B5095 /* Info.plist */ = {isa = PBXFileReference; lastKnownFileType = text.plist.xml; path = Info.plist; sourceTree = "<group>"; };
		6D9374B51C900183006B5095 /* CircleLayoutTests.xctest */ = {isa = PBXFileReference; explicitFileType = wrapper.cfbundle; includeInIndex = 0; path = CircleLayoutTests.xctest; sourceTree = BUILT_PRODUCTS_DIR; };
		6D9374B91C900183006B5095 /* CircleLayoutTests.swift */ = {isa = PBXFileReference; lastKnownFileType = sourcecode.swift; path = CircleLayoutTests.swift; sourceTree = "<group>"; };
		6D9374BB1C900183006B5095 /* Info.plist */ = {isa = PBXFileReference; lastKnownFileType = text.plist.xml; path = Info.plist; sourceTree = "<group>"; };
		6D9374C01C900183006B5095 /* CircleLayoutUITests.xctest */ = {isa = PBXFileReference; explicitFileType = wrapper.cfbundle; includeInIndex = 0; path = CircleLayoutUITests.xctest; sourceTree = BUILT_PRODUCTS_DIR; };
		6D9374C41C900183006B5095 /* CircleLayoutUITests.swift */ = {isa = PBXFileReference; lastKnownFileType = sourcecode.swift; path = CircleLayoutUITests.swift; sourceTree = "<group>"; };
		6D9374C61C900183006B5095 /* Info.plist */ = {isa = PBXFileReference; lastKnownFileType = text.plist.xml; path = Info.plist; sourceTree = "<group>"; };
		6D9374D21C9001BE006B5095 /* CircleLayout.swift */ = {isa = PBXFileReference; fileEncoding = 4; lastKnownFileType = sourcecode.swift; path = CircleLayout.swift; sourceTree = "<group>"; };
		6D9374D41C9016C1006B5095 /* Cell.swift */ = {isa = PBXFileReference; fileEncoding = 4; lastKnownFileType = sourcecode.swift; path = Cell.swift; sourceTree = "<group>"; };
/* End PBXFileReference section */

/* Begin PBXFrameworksBuildPhase section */
		6D93749E1C900182006B5095 /* Frameworks */ = {
			isa = PBXFrameworksBuildPhase;
			buildActionMask = 2147483647;
			files = (
			);
			runOnlyForDeploymentPostprocessing = 0;
		};
		6D9374B21C900183006B5095 /* Frameworks */ = {
			isa = PBXFrameworksBuildPhase;
			buildActionMask = 2147483647;
			files = (
			);
			runOnlyForDeploymentPostprocessing = 0;
		};
		6D9374BD1C900183006B5095 /* Frameworks */ = {
			isa = PBXFrameworksBuildPhase;
			buildActionMask = 2147483647;
			files = (
			);
			runOnlyForDeploymentPostprocessing = 0;
		};
/* End PBXFrameworksBuildPhase section */

/* Begin PBXGroup section */
		6D9374981C900182006B5095 = {
			isa = PBXGroup;
			children = (
				6D9374A31C900182006B5095 /* CircleLayout */,
				6D9374B81C900183006B5095 /* CircleLayoutTests */,
				6D9374C31C900183006B5095 /* CircleLayoutUITests */,
				6D9374A21C900182006B5095 /* Products */,
			);
			sourceTree = "<group>";
		};
		6D9374A21C900182006B5095 /* Products */ = {
			isa = PBXGroup;
			children = (
				6D9374A11C900182006B5095 /* CircleLayout.app */,
				6D9374B51C900183006B5095 /* CircleLayoutTests.xctest */,
				6D9374C01C900183006B5095 /* CircleLayoutUITests.xctest */,
			);
			name = Products;
			sourceTree = "<group>";
		};
		6D9374A31C900182006B5095 /* CircleLayout */ = {
			isa = PBXGroup;
			children = (
				6D9374A41C900182006B5095 /* AppDelegate.swift */,
				6D9374A61C900182006B5095 /* ViewController.swift */,
				6D9374D21C9001BE006B5095 /* CircleLayout.swift */,
				6D9374D41C9016C1006B5095 /* Cell.swift */,
				6D9374A81C900182006B5095 /* Main.storyboard */,
				6D9374AB1C900182006B5095 /* Assets.xcassets */,
				6D9374AD1C900182006B5095 /* LaunchScreen.storyboard */,
				6D9374B01C900182006B5095 /* Info.plist */,
			);
			path = CircleLayout;
			sourceTree = "<group>";
		};
		6D9374B81C900183006B5095 /* CircleLayoutTests */ = {
			isa = PBXGroup;
			children = (
				6D9374B91C900183006B5095 /* CircleLayoutTests.swift */,
				6D9374BB1C900183006B5095 /* Info.plist */,
			);
			path = CircleLayoutTests;
			sourceTree = "<group>";
		};
		6D9374C31C900183006B5095 /* CircleLayoutUITests */ = {
			isa = PBXGroup;
			children = (
				6D9374C41C900183006B5095 /* CircleLayoutUITests.swift */,
				6D9374C61C900183006B5095 /* Info.plist */,
			);
			path = CircleLayoutUITests;
			sourceTree = "<group>";
		};
/* End PBXGroup section */

/* Begin PBXNativeTarget section */
		6D9374A01C900182006B5095 /* CircleLayout */ = {
			isa = PBXNativeTarget;
			buildConfigurationList = 6D9374C91C900183006B5095 /* Build configuration list for PBXNativeTarget "CircleLayout" */;
			buildPhases = (
				6D93749D1C900182006B5095 /* Sources */,
				6D93749E1C900182006B5095 /* Frameworks */,
				6D93749F1C900182006B5095 /* Resources */,
			);
			buildRules = (
			);
			dependencies = (
			);
			name = CircleLayout;
			productName = CircleLayout;
			productReference = 6D9374A11C900182006B5095 /* CircleLayout.app */;
			productType = "com.apple.product-type.application";
		};
		6D9374B41C900183006B5095 /* CircleLayoutTests */ = {
			isa = PBXNativeTarget;
			buildConfigurationList = 6D9374CC1C900183006B5095 /* Build configuration list for PBXNativeTarget "CircleLayoutTests" */;
			buildPhases = (
				6D9374B11C900183006B5095 /* Sources */,
				6D9374B21C900183006B5095 /* Frameworks */,
				6D9374B31C900183006B5095 /* Resources */,
			);
			buildRules = (
			);
			dependencies = (
				6D9374B71C900183006B5095 /* PBXTargetDependency */,
			);
			name = CircleLayoutTests;
			productName = CircleLayoutTests;
			productReference = 6D9374B51C900183006B5095 /* CircleLayoutTests.xctest */;
			productType = "com.apple.product-type.bundle.unit-test";
		};
		6D9374BF1C900183006B5095 /* CircleLayoutUITests */ = {
			isa = PBXNativeTarget;
			buildConfigurationList = 6D9374CF1C900183006B5095 /* Build configuration list for PBXNativeTarget "CircleLayoutUITests" */;
			buildPhases = (
				6D9374BC1C900183006B5095 /* Sources */,
				6D9374BD1C900183006B5095 /* Frameworks */,
				6D9374BE1C900183006B5095 /* Resources */,
			);
			buildRules = (
			);
			dependencies = (
				6D9374C21C900183006B5095 /* PBXTargetDependency */,
			);
			name = CircleLayoutUITests;
			productName = CircleLayoutUITests;
			productReference = 6D9374C01C900183006B5095 /* CircleLayoutUITests.xctest */;
			productType = "com.apple.product-type.bundle.ui-testing";
		};
/* End PBXNativeTarget section */

/* Begin PBXProject section */
		6D9374991C900182006B5095 /* Project object */ = {
			isa = PBXProject;
			attributes = {
				LastSwiftUpdateCheck = 0720;
				LastUpgradeCheck = 0720;
				ORGANIZATIONNAME = caiqiujun;
				TargetAttributes = {
					6D9374A01C900182006B5095 = {
						CreatedOnToolsVersion = 7.2.1;
						DevelopmentTeam = X526TPT6FS;
					};
					6D9374B41C900183006B5095 = {
						CreatedOnToolsVersion = 7.2.1;
						DevelopmentTeam = X526TPT6FS;
						TestTargetID = 6D9374A01C900182006B5095;
					};
					6D9374BF1C900183006B5095 = {
						CreatedOnToolsVersion = 7.2.1;
						DevelopmentTeam = X526TPT6FS;
						TestTargetID = 6D9374A01C900182006B5095;
					};
				};
			};
			buildConfigurationList = 6D93749C1C900182006B5095 /* Build configuration list for PBXProject "CircleLayout" */;
			compatibilityVersion = "Xcode 3.2";
			developmentRegion = English;
			hasScannedForEncodings = 0;
			knownRegions = (
				en,
				Base,
			);
			mainGroup = 6D9374981C900182006B5095;
			productRefGroup = 6D9374A21C900182006B5095 /* Products */;
			projectDirPath = "";
			projectRoot = "";
			targets = (
				6D9374A01C900182006B5095 /* CircleLayout */,
				6D9374B41C900183006B5095 /* CircleLayoutTests */,
				6D9374BF1C900183006B5095 /* CircleLayoutUITests */,
			);
		};
/* End PBXProject section */

/* Begin PBXResourcesBuildPhase section */
		6D93749F1C900182006B5095 /* Resources */ = {
			isa = PBXResourcesBuildPhase;
			buildActionMask = 2147483647;
			files = (
				6D9374AF1C900182006B5095 /* LaunchScreen.storyboard in Resources */,
				6D9374AC1C900182006B5095 /* Assets.xcassets in Resources */,
				6D9374AA1C900182006B5095 /* Main.storyboard in Resources */,
			);
			runOnlyForDeploymentPostprocessing = 0;
		};
		6D9374B31C900183006B5095 /* Resources */ = {
			isa = PBXResourcesBuildPhase;
			buildActionMask = 2147483647;
			files = (
			);
			runOnlyForDeploymentPostprocessing = 0;
		};
		6D9374BE1C900183006B5095 /* Resources */ = {
			isa = PBXResourcesBuildPhase;
			buildActionMask = 2147483647;
			files = (
			);
			runOnlyForDeploymentPostprocessing = 0;
		};
/* End PBXResourcesBuildPhase section */

/* Begin PBXSourcesBuildPhase section */
		6D93749D1C900182006B5095 /* Sources */ = {
			isa = PBXSourcesBuildPhase;
			buildActionMask = 2147483647;
			files = (
				6D9374A71C900182006B5095 /* ViewController.swift in Sources */,
				6D9374D51C9016C1006B5095 /* Cell.swift in Sources */,
				6D9374D31C9001BE006B5095 /* CircleLayout.swift in Sources */,
				6D9374A51C900182006B5095 /* AppDelegate.swift in Sources */,
			);
			runOnlyForDeploymentPostprocessing = 0;
		};
		6D9374B11C900183006B5095 /* Sources */ = {
			isa = PBXSourcesBuildPhase;
			buildActionMask = 2147483647;
			files = (
				6D9374BA1C900183006B5095 /* CircleLayoutTests.swift in Sources */,
			);
			runOnlyForDeploymentPostprocessing = 0;
		};
		6D9374BC1C900183006B5095 /* Sources */ = {
			isa = PBXSourcesBuildPhase;
			buildActionMask = 2147483647;
			files = (
				6D9374C51C900183006B5095 /* CircleLayoutUITests.swift in Sources */,
			);
			runOnlyForDeploymentPostprocessing = 0;
		};
/* End PBXSourcesBuildPhase section */

/* Begin PBXTargetDependency section */
		6D9374B71C900183006B5095 /* PBXTargetDependency */ = {
			isa = PBXTargetDependency;
			target = 6D9374A01C900182006B5095 /* CircleLayout */;
			targetProxy = 6D9374B61C900183006B5095 /* PBXContainerItemProxy */;
		};
		6D9374C21C900183006B5095 /* PBXTargetDependency */ = {
			isa = PBXTargetDependency;
			target = 6D9374A01C900182006B5095 /* CircleLayout */;
			targetProxy = 6D9374C11C900183006B5095 /* PBXContainerItemProxy */;
		};
/* End PBXTargetDependency section */

/* Begin PBXVariantGroup section */
		6D9374A81C900182006B5095 /* Main.storyboard */ = {
			isa = PBXVariantGroup;
			children = (
				6D9374A91C900182006B5095 /* Base */,
			);
			name = Main.storyboard;
			sourceTree = "<group>";
		};
		6D9374AD1C900182006B5095 /* LaunchScreen.storyboard */ = {
			isa = PBXVariantGroup;
			children = (
				6D9374AE1C900182006B5095 /* Base */,
			);
			name = LaunchScreen.storyboard;
			sourceTree = "<group>";
		};
/* End PBXVariantGroup section */

/* Begin XCBuildConfiguration section */
		6D9374C71C900183006B5095 /* Debug */ = {
			isa = XCBuildConfiguration;
			buildSettings = {
				ALWAYS_SEARCH_USER_PATHS = NO;
				CLANG_CXX_LANGUAGE_STANDARD = "gnu++0x";
				CLANG_CXX_LIBRARY = "libc++";
				CLANG_ENABLE_MODULES = YES;
				CLANG_ENABLE_OBJC_ARC = YES;
				CLANG_WARN_BOOL_CONVERSION = YES;
				CLANG_WARN_CONSTANT_CONVERSION = YES;
				CLANG_WARN_DIRECT_OBJC_ISA_USAGE = YES_ERROR;
				CLANG_WARN_EMPTY_BODY = YES;
				CLANG_WARN_ENUM_CONVERSION = YES;
				CLANG_WARN_INT_CONVERSION = YES;
				CLANG_WARN_OBJC_ROOT_CLASS = YES_ERROR;
				CLANG_WARN_UNREACHABLE_CODE = YES;
				CLANG_WARN__DUPLICATE_METHOD_MATCH = YES;
				"CODE_SIGN_IDENTITY[sdk=iphoneos*]" = "iPhone Developer";
				COPY_PHASE_STRIP = NO;
				DEBUG_INFORMATION_FORMAT = dwarf;
				ENABLE_STRICT_OBJC_MSGSEND = YES;
				ENABLE_TESTABILITY = YES;
				GCC_C_LANGUAGE_STANDARD = gnu99;
				GCC_DYNAMIC_NO_PIC = NO;
				GCC_NO_COMMON_BLOCKS = YES;
				GCC_OPTIMIZATION_LEVEL = 0;
				GCC_PREPROCESSOR_DEFINITIONS = (
					"DEBUG=1",
					"$(inherited)",
				);
				GCC_WARN_64_TO_32_BIT_CONVERSION = YES;
				GCC_WARN_ABOUT_RETURN_TYPE = YES_ERROR;
				GCC_WARN_UNDECLARED_SELECTOR = YES;
				GCC_WARN_UNINITIALIZED_AUTOS = YES_AGGRESSIVE;
				GCC_WARN_UNUSED_FUNCTION = YES;
				GCC_WARN_UNUSED_VARIABLE = YES;
				IPHONEOS_DEPLOYMENT_TARGET = 9.2;
				MTL_ENABLE_DEBUG_INFO = YES;
				ONLY_ACTIVE_ARCH = YES;
				SDKROOT = iphoneos;
				SWIFT_OPTIMIZATION_LEVEL = "-Onone";
			};
			name = Debug;
		};
		6D9374C81C900183006B5095 /* Release */ = {
			isa = XCBuildConfiguration;
			buildSettings = {
				ALWAYS_SEARCH_USER_PATHS = NO;
				CLANG_CXX_LANGUAGE_STANDARD = "gnu++0x";
				CLANG_CXX_LIBRARY = "libc++";
				CLANG_ENABLE_MODULES = YES;
				CLANG_ENABLE_OBJC_ARC = YES;
				CLANG_WARN_BOOL_CONVERSION = YES;
				CLANG_WARN_CONSTANT_CONVERSION = YES;
				CLANG_WARN_DIRECT_OBJC_ISA_USAGE = YES_ERROR;
				CLANG_WARN_EMPTY_BODY = YES;
				CLANG_WARN_ENUM_CONVERSION = YES;
				CLANG_WARN_INT_CONVERSION = YES;
				CLANG_WARN_OBJC_ROOT_CLASS = YES_ERROR;
				CLANG_WARN_UNREACHABLE_CODE = YES;
				CLANG_WARN__DUPLICATE_METHOD_MATCH = YES;
				"CODE_SIGN_IDENTITY[sdk=iphoneos*]" = "iPhone Developer";
				COPY_PHASE_STRIP = NO;
				DEBUG_INFORMATION_FORMAT = "dwarf-with-dsym";
				ENABLE_NS_ASSERTIONS = NO;
				ENABLE_STRICT_OBJC_MSGSEND = YES;
				GCC_C_LANGUAGE_STANDARD = gnu99;
				GCC_NO_COMMON_BLOCKS = YES;
				GCC_WARN_64_TO_32_BIT_CONVERSION = YES;
				GCC_WARN_ABOUT_RETURN_TYPE = YES_ERROR;
				GCC_WARN_UNDECLARED_SELECTOR = YES;
				GCC_WARN_UNINITIALIZED_AUTOS = YES_AGGRESSIVE;
				GCC_WARN_UNUSED_FUNCTION = YES;
				GCC_WARN_UNUSED_VARIABLE = YES;
				IPHONEOS_DEPLOYMENT_TARGET = 9.2;
				MTL_ENABLE_DEBUG_INFO = NO;
				SDKROOT = iphoneos;
				VALIDATE_PRODUCT = YES;
			};
			name = Release;
		};
		6D9374CA1C900183006B5095 /* Debug */ = {
			isa = XCBuildConfiguration;
			buildSettings = {
				ASSETCATALOG_COMPILER_APPICON_NAME = AppIcon;
				INFOPLIST_FILE = CircleLayout/Info.plist;
				IPHONEOS_DEPLOYMENT_TARGET = 8.0;
				LD_RUNPATH_SEARCH_PATHS = "$(inherited) @executable_path/Frameworks";
				PRODUCT_BUNDLE_IDENTIFIER = caiqiujun.CircleLayout;
				PRODUCT_NAME = "$(TARGET_NAME)";
			};
			name = Debug;
		};
		6D9374CB1C900183006B5095 /* Release */ = {
			isa = XCBuildConfiguration;
			buildSettings = {
				ASSETCATALOG_COMPILER_APPICON_NAME = AppIcon;
				INFOPLIST_FILE = CircleLayout/Info.plist;
				IPHONEOS_DEPLOYMENT_TARGET = 8.0;
				LD_RUNPATH_SEARCH_PATHS = "$(inherited) @executable_path/Frameworks";
				PRODUCT_BUNDLE_IDENTIFIER = caiqiujun.CircleLayout;
				PRODUCT_NAME = "$(TARGET_NAME)";
			};
			name = Release;
		};
		6D9374CD1C900183006B5095 /* Debug */ = {
			isa = XCBuildConfiguration;
			buildSettings = {
				BUNDLE_LOADER = "$(TEST_HOST)";
				INFOPLIST_FILE = CircleLayoutTests/Info.plist;
				LD_RUNPATH_SEARCH_PATHS = "$(inherited) @executable_path/Frameworks @loader_path/Frameworks";
				PRODUCT_BUNDLE_IDENTIFIER = caiqiujun.CircleLayoutTests;
				PRODUCT_NAME = "$(TARGET_NAME)";
				TEST_HOST = "$(BUILT_PRODUCTS_DIR)/CircleLayout.app/CircleLayout";
			};
			name = Debug;
		};
		6D9374CE1C900183006B5095 /* Release */ = {
			isa = XCBuildConfiguration;
			buildSettings = {
				BUNDLE_LOADER = "$(TEST_HOST)";
				INFOPLIST_FILE = CircleLayoutTests/Info.plist;
				LD_RUNPATH_SEARCH_PATHS = "$(inherited) @executable_path/Frameworks @loader_path/Frameworks";
				PRODUCT_BUNDLE_IDENTIFIER = caiqiujun.CircleLayoutTests;
				PRODUCT_NAME = "$(TARGET_NAME)";
				TEST_HOST = "$(BUILT_PRODUCTS_DIR)/CircleLayout.app/CircleLayout";
			};
			name = Release;
		};
		6D9374D01C900183006B5095 /* Debug */ = {
			isa = XCBuildConfiguration;
			buildSettings = {
				INFOPLIST_FILE = CircleLayoutUITests/Info.plist;
				LD_RUNPATH_SEARCH_PATHS = "$(inherited) @executable_path/Frameworks @loader_path/Frameworks";
				PRODUCT_BUNDLE_IDENTIFIER = caiqiujun.CircleLayoutUITests;
				PRODUCT_NAME = "$(TARGET_NAME)";
				TEST_TARGET_NAME = CircleLayout;
				USES_XCTRUNNER = YES;
			};
			name = Debug;
		};
		6D9374D11C900183006B5095 /* Release */ = {
			isa = XCBuildConfiguration;
			buildSettings = {
				INFOPLIST_FILE = CircleLayoutUITests/Info.plist;
				LD_RUNPATH_SEARCH_PATHS = "$(inherited) @executable_path/Frameworks @loader_path/Frameworks";
				PRODUCT_BUNDLE_IDENTIFIER = caiqiujun.CircleLayoutUITests;
				PRODUCT_NAME = "$(TARGET_NAME)";
				TEST_TARGET_NAME = CircleLayout;
				USES_XCTRUNNER = YES;
			};
			name = Release;
		};
/* End XCBuildConfiguration section */

/* Begin XCConfigurationList section */
		6D93749C1C900182006B5095 /* Build configuration list for PBXProject "CircleLayout" */ = {
			isa = XCConfigurationList;
			buildConfigurations = (
				6D9374C71C900183006B5095 /* Debug */,
				6D9374C81C900183006B5095 /* Release */,
			);
			defaultConfigurationIsVisible = 0;
			defaultConfigurationName = Release;
		};
		6D9374C91C900183006B5095 /* Build configuration list for PBXNativeTarget "CircleLayout" */ = {
			isa = XCConfigurationList;
			buildConfigurations = (
				6D9374CA1C900183006B5095 /* Debug */,
				6D9374CB1C900183006B5095 /* Release */,
			);
			defaultConfigurationIsVisible = 0;
			defaultConfigurationName = Release;
		};
		6D9374CC1C900183006B5095 /* Build configuration list for PBXNativeTarget "CircleLayoutTests" */ = {
			isa = XCConfigurationList;
			buildConfigurations = (
				6D9374CD1C900183006B5095 /* Debug */,
				6D9374CE1C900183006B5095 /* Release */,
			);
			defaultConfigurationIsVisible = 0;
			defaultConfigurationName = Release;
		};
		6D9374CF1C900183006B5095 /* Build configuration list for PBXNativeTarget "CircleLayoutUITests" */ = {
			isa = XCConfigurationList;
			buildConfigurations = (
				6D9374D01C900183006B5095 /* Debug */,
				6D9374D11C900183006B5095 /* Release */,
			);
			defaultConfigurationIsVisible = 0;
			defaultConfigurationName = Release;
		};
/* End XCConfigurationList section */
	};
	rootObject = 6D9374991C900182006B5095 /* Project object */;
}
